// !$*UTF8*$!
{
	archiveVersion = 1;
	classes = {
	};
	objectVersion = 46;
	objects = {

/* Begin PBXBuildFile section */
		4E30074D15202BDF005D57B1 /* UIKit.framework in Frameworks */ = {isa = PBXBuildFile; fileRef = 4E30074C15202BDF005D57B1 /* UIKit.framework */; };
		4E30074F15202BDF005D57B1 /* Foundation.framework in Frameworks */ = {isa = PBXBuildFile; fileRef = 4E30074E15202BDF005D57B1 /* Foundation.framework */; };
		4E30075115202BDF005D57B1 /* CoreGraphics.framework in Frameworks */ = {isa = PBXBuildFile; fileRef = 4E30075015202BDF005D57B1 /* CoreGraphics.framework */; };
		4E30075715202BDF005D57B1 /* InfoPlist.strings in Resources */ = {isa = PBXBuildFile; fileRef = 4E30075515202BDF005D57B1 /* InfoPlist.strings */; };
		4E30075915202BDF005D57B1 /* main.m in Sources */ = {isa = PBXBuildFile; fileRef = 4E30075815202BDF005D57B1 /* main.m */; };
		4E30075D15202BDF005D57B1 /* AppDelegate.m in Sources */ = {isa = PBXBuildFile; fileRef = 4E30075C15202BDF005D57B1 /* AppDelegate.m */; };
		4E30076015202BDF005D57B1 /* ViewController.m in Sources */ = {isa = PBXBuildFile; fileRef = 4E30075F15202BDF005D57B1 /* ViewController.m */; };
		4E30076315202BDF005D57B1 /* ViewController.xib in Resources */ = {isa = PBXBuildFile; fileRef = 4E30076115202BDF005D57B1 /* ViewController.xib */; };
		4E30076B15202DAC005D57B1 /* GlyphView.m in Sources */ = {isa = PBXBuildFile; fileRef = 4E30076A15202DAB005D57B1 /* GlyphView.m */; };
		4E30076D15202E10005D57B1 /* GlyphView.xib in Resources */ = {isa = PBXBuildFile; fileRef = 4E30076C15202E10005D57B1 /* GlyphView.xib */; };
/* End PBXBuildFile section */

/* Begin PBXFileReference section */
		4E30074815202BDF005D57B1 /* ScrollViewWithPageControl.app */ = {isa = PBXFileReference; explicitFileType = wrapper.application; includeInIndex = 0; path = ScrollViewWithPageControl.app; sourceTree = BUILT_PRODUCTS_DIR; };
		4E30074C15202BDF005D57B1 /* UIKit.framework */ = {isa = PBXFileReference; lastKnownFileType = wrapper.framework; name = UIKit.framework; path = System/Library/Frameworks/UIKit.framework; sourceTree = SDKROOT; };
		4E30074E15202BDF005D57B1 /* Foundation.framework */ = {isa = PBXFileReference; lastKnownFileType = wrapper.framework; name = Foundation.framework; path = System/Library/Frameworks/Foundation.framework; sourceTree = SDKROOT; };
		4E30075015202BDF005D57B1 /* CoreGraphics.framework */ = {isa = PBXFileReference; lastKnownFileType = wrapper.framework; name = CoreGraphics.framework; path = System/Library/Frameworks/CoreGraphics.framework; sourceTree = SDKROOT; };
		4E30075415202BDF005D57B1 /* ScrollViewWithPageControl-Info.plist */ = {isa = PBXFileReference; lastKnownFileType = text.plist.xml; path = "ScrollViewWithPageControl-Info.plist"; sourceTree = "<group>"; };
		4E30075615202BDF005D57B1 /* en */ = {isa = PBXFileReference; lastKnownFileType = text.plist.strings; name = en; path = en.lproj/InfoPlist.strings; sourceTree = "<group>"; };
		4E30075815202BDF005D57B1 /* main.m */ = {isa = PBXFileReference; lastKnownFileType = sourcecode.c.objc; path = main.m; sourceTree = "<group>"; };
		4E30075A15202BDF005D57B1 /* ScrollViewWithPageControl-Prefix.pch */ = {isa = PBXFileReference; lastKnownFileType = sourcecode.c.h; path = "ScrollViewWithPageControl-Prefix.pch"; sourceTree = "<group>"; };
		4E30075B15202BDF005D57B1 /* AppDelegate.h */ = {isa = PBXFileReference; lastKnownFileType = sourcecode.c.h; path = AppDelegate.h; sourceTree = "<group>"; };
		4E30075C15202BDF005D57B1 /* AppDelegate.m */ = {isa = PBXFileReference; lastKnownFileType = sourcecode.c.objc; path = AppDelegate.m; sourceTree = "<group>"; };
		4E30075E15202BDF005D57B1 /* ViewController.h */ = {isa = PBXFileReference; lastKnownFileType = sourcecode.c.h; path = ViewController.h; sourceTree = "<group>"; };
		4E30075F15202BDF005D57B1 /* ViewController.m */ = {isa = PBXFileReference; lastKnownFileType = sourcecode.c.objc; path = ViewController.m; sourceTree = "<group>"; };
		4E30076215202BDF005D57B1 /* en */ = {isa = PBXFileReference; lastKnownFileType = file.xib; name = en; path = en.lproj/ViewController.xib; sourceTree = "<group>"; };
		4E30076915202DAB005D57B1 /* GlyphView.h */ = {isa = PBXFileReference; fileEncoding = 4; lastKnownFileType = sourcecode.c.h; path = GlyphView.h; sourceTree = "<group>"; };
		4E30076A15202DAB005D57B1 /* GlyphView.m */ = {isa = PBXFileReference; fileEncoding = 4; lastKnownFileType = sourcecode.c.objc; path = GlyphView.m; sourceTree = "<group>"; };
		4E30076C15202E10005D57B1 /* GlyphView.xib */ = {isa = PBXFileReference; fileEncoding = 4; lastKnownFileType = file.xib; path = GlyphView.xib; sourceTree = "<group>"; };
/* End PBXFileReference section */

/* Begin PBXFrameworksBuildPhase section */
		4E30074515202BDF005D57B1 /* Frameworks */ = {
			isa = PBXFrameworksBuildPhase;
			buildActionMask = 2147483647;
			files = (
				4E30074D15202BDF005D57B1 /* UIKit.framework in Frameworks */,
				4E30074F15202BDF005D57B1 /* Foundation.framework in Frameworks */,
				4E30075115202BDF005D57B1 /* CoreGraphics.framework in Frameworks */,
			);
			runOnlyForDeploymentPostprocessing = 0;
		};
/* End PBXFrameworksBuildPhase section */

/* Begin PBXGroup section */
		4E30073D15202BDF005D57B1 = {
			isa = PBXGroup;
			children = (
				4E30075215202BDF005D57B1 /* ScrollViewWithPageControl */,
				4E30074B15202BDF005D57B1 /* Frameworks */,
				4E30074915202BDF005D57B1 /* Products */,
			);
			sourceTree = "<group>";
		};
		4E30074915202BDF005D57B1 /* Products */ = {
			isa = PBXGroup;
			children = (
				4E30074815202BDF005D57B1 /* ScrollViewWithPageControl.app */,
			);
			name = Products;
			sourceTree = "<group>";
		};
		4E30074B15202BDF005D57B1 /* Frameworks */ = {
			isa = PBXGroup;
			children = (
				4E30074C15202BDF005D57B1 /* UIKit.framework */,
				4E30074E15202BDF005D57B1 /* Foundation.framework */,
				4E30075015202BDF005D57B1 /* CoreGraphics.framework */,
			);
			name = Frameworks;
			sourceTree = "<group>";
		};
		4E30075215202BDF005D57B1 /* ScrollViewWithPageControl */ = {
			isa = PBXGroup;
			children = (
				4E30075B15202BDF005D57B1 /* AppDelegate.h */,
				4E30075C15202BDF005D57B1 /* AppDelegate.m */,
				4E30075E15202BDF005D57B1 /* ViewController.h */,
				4E30075F15202BDF005D57B1 /* ViewController.m */,
				4E30076915202DAB005D57B1 /* GlyphView.h */,
				4E30076A15202DAB005D57B1 /* GlyphView.m */,
				4E30076C15202E10005D57B1 /* GlyphView.xib */,
				4E30076115202BDF005D57B1 /* ViewController.xib */,
				4E30075315202BDF005D57B1 /* Supporting Files */,
			);
			path = ScrollViewWithPageControl;
			sourceTree = "<group>";
		};
		4E30075315202BDF005D57B1 /* Supporting Files */ = {
			isa = PBXGroup;
			children = (
				4E30075415202BDF005D57B1 /* ScrollViewWithPageControl-Info.plist */,
				4E30075515202BDF005D57B1 /* InfoPlist.strings */,
				4E30075815202BDF005D57B1 /* main.m */,
				4E30075A15202BDF005D57B1 /* ScrollViewWithPageControl-Prefix.pch */,
			);
			name = "Supporting Files";
			sourceTree = "<group>";
		};
/* End PBXGroup section */

/* Begin PBXNativeTarget section */
		4E30074715202BDF005D57B1 /* ScrollViewWithPageControl */ = {
			isa = PBXNativeTarget;
			buildConfigurationList = 4E30076615202BDF005D57B1 /* Build configuration list for PBXNativeTarget "ScrollViewWithPageControl" */;
			buildPhases = (
				4E30074415202BDF005D57B1 /* Sources */,
				4E30074515202BDF005D57B1 /* Frameworks */,
				4E30074615202BDF005D57B1 /* Resources */,
			);
			buildRules = (
			);
			dependencies = (
			);
			name = ScrollViewWithPageControl;
			productName = ScrollViewWithPageControl;
			productReference = 4E30074815202BDF005D57B1 /* ScrollViewWithPageControl.app */;
			productType = "com.apple.product-type.application";
		};
/* End PBXNativeTarget section */

/* Begin PBXProject section */
		4E30073F15202BDF005D57B1 /* Project object */ = {
			isa = PBXProject;
			attributes = {
				LastUpgradeCheck = 0420;
			};
			buildConfigurationList = 4E30074215202BDF005D57B1 /* Build configuration list for PBXProject "ScrollViewWithPageControl" */;
			compatibilityVersion = "Xcode 3.2";
			developmentRegion = English;
			hasScannedForEncodings = 0;
			knownRegions = (
				en,
			);
			mainGroup = 4E30073D15202BDF005D57B1;
			productRefGroup = 4E30074915202BDF005D57B1 /* Products */;
			projectDirPath = "";
			projectRoot = "";
			targets = (
				4E30074715202BDF005D57B1 /* ScrollViewWithPageControl */,
			);
		};
/* End PBXProject section */

/* Begin PBXResourcesBuildPhase section */
		4E30074615202BDF005D57B1 /* Resources */ = {
			isa = PBXResourcesBuildPhase;
			buildActionMask = 2147483647;
			files = (
				4E30075715202BDF005D57B1 /* InfoPlist.strings in Resources */,
				4E30076315202BDF005D57B1 /* ViewController.xib in Resources */,
				4E30076D15202E10005D57B1 /* GlyphView.xib in Resources */,
			);
			runOnlyForDeploymentPostprocessing = 0;
		};
/* End PBXResourcesBuildPhase section */

/* Begin PBXSourcesBuildPhase section */
		4E30074415202BDF005D57B1 /* Sources */ = {
			isa = PBXSourcesBuildPhase;
			buildActionMask = 2147483647;
			files = (
				4E30075915202BDF005D57B1 /* main.m in Sources */,
				4E30075D15202BDF005D57B1 /* AppDelegate.m in Sources */,
				4E30076015202BDF005D57B1 /* ViewController.m in Sources */,
				4E30076B15202DAC005D57B1 /* GlyphView.m in Sources */,
			);
			runOnlyForDeploymentPostprocessing = 0;
		};
/* End PBXSourcesBuildPhase section */

/* Begin PBXVariantGroup section */
		4E30075515202BDF005D57B1 /* InfoPlist.strings */ = {
			isa = PBXVariantGroup;
			children = (
				4E30075615202BDF005D57B1 /* en */,
			);
			name = InfoPlist.strings;
			sourceTree = "<group>";
		};
		4E30076115202BDF005D57B1 /* ViewController.xib */ = {
			isa = PBXVariantGroup;
			children = (
				4E30076215202BDF005D57B1 /* en */,
			);
			name = ViewController.xib;
			sourceTree = "<group>";
		};
/* End PBXVariantGroup section */

/* Begin XCBuildConfiguration section */
		4E30076415202BDF005D57B1 /* Debug */ = {
			isa = XCBuildConfiguration;
			buildSettings = {
				ALWAYS_SEARCH_USER_PATHS = NO;
				ARCHS = "$(ARCHS_STANDARD_32_BIT)";
				CLANG_ENABLE_OBJC_ARC = YES;
				"CODE_SIGN_IDENTITY[sdk=iphoneos*]" = "iPhone Developer";
				COPY_PHASE_STRIP = NO;
				GCC_C_LANGUAGE_STANDARD = gnu99;
				GCC_DYNAMIC_NO_PIC = NO;
				GCC_OPTIMIZATION_LEVEL = 0;
				GCC_PREPROCESSOR_DEFINITIONS = (
					"DEBUG=1",
					"$(inherited)",
				);
				GCC_SYMBOLS_PRIVATE_EXTERN = NO;
				GCC_VERSION = com.apple.compilers.llvm.clang.1_0;
				GCC_WARN_ABOUT_MISSING_PROTOTYPES = YES;
				GCC_WARN_ABOUT_RETURN_TYPE = YES;
				GCC_WARN_UNUSED_VARIABLE = YES;
				IPHONEOS_DEPLOYMENT_TARGET = 5.0;
				SDKROOT = iphoneos;
			};
			name = Debug;
		};
		4E30076515202BDF005D57B1 /* Release */ = {
			isa = XCBuildConfiguration;
			buildSettings = {
				ALWAYS_SEARCH_USER_PATHS = NO;
				ARCHS = "$(ARCHS_STANDARD_32_BIT)";
				CLANG_ENABLE_OBJC_ARC = YES;
				"CODE_SIGN_IDENTITY[sdk=iphoneos*]" = "iPhone Developer";
				COPY_PHASE_STRIP = YES;
				GCC_C_LANGUAGE_STANDARD = gnu99;
				GCC_VERSION = com.apple.compilers.llvm.clang.1_0;
				GCC_WARN_ABOUT_MISSING_PROTOTYPES = YES;
				GCC_WARN_ABOUT_RETURN_TYPE = YES;
				GCC_WARN_UNUSED_VARIABLE = YES;
				IPHONEOS_DEPLOYMENT_TARGET = 5.0;
				OTHER_CFLAGS = "-DNS_BLOCK_ASSERTIONS=1";
				SDKROOT = iphoneos;
				VALIDATE_PRODUCT = YES;
			};
			name = Release;
		};
		4E30076715202BDF005D57B1 /* Debug */ = {
			isa = XCBuildConfiguration;
			buildSettings = {
				GCC_PRECOMPILE_PREFIX_HEADER = YES;
				GCC_PREFIX_HEADER = "ScrollViewWithPageControl/ScrollViewWithPageControl-Prefix.pch";
				INFOPLIST_FILE = "ScrollViewWithPageControl/ScrollViewWithPageControl-Info.plist";
				PRODUCT_NAME = "$(TARGET_NAME)";
				WRAPPER_EXTENSION = app;
			};
			name = Debug;
		};
		4E30076815202BDF005D57B1 /* Release */ = {
			isa = XCBuildConfiguration;
			buildSettings = {
				GCC_PRECOMPILE_PREFIX_HEADER = YES;
				GCC_PREFIX_HEADER = "ScrollViewWithPageControl/ScrollViewWithPageControl-Prefix.pch";
				INFOPLIST_FILE = "ScrollViewWithPageControl/ScrollViewWithPageControl-Info.plist";
				PRODUCT_NAME = "$(TARGET_NAME)";
				WRAPPER_EXTENSION = app;
			};
			name = Release;
		};
/* End XCBuildConfiguration section */

/* Begin XCConfigurationList section */
		4E30074215202BDF005D57B1 /* Build configuration list for PBXProject "ScrollViewWithPageControl" */ = {
			isa = XCConfigurationList;
			buildConfigurations = (
				4E30076415202BDF005D57B1 /* Debug */,
				4E30076515202BDF005D57B1 /* Release */,
			);
			defaultConfigurationIsVisible = 0;
			defaultConfigurationName = Release;
		};
		4E30076615202BDF005D57B1 /* Build configuration list for PBXNativeTarget "ScrollViewWithPageControl" */ = {
			isa = XCConfigurationList;
			buildConfigurations = (
				4E30076715202BDF005D57B1 /* Debug */,
				4E30076815202BDF005D57B1 /* Release */,
			);
			defaultConfigurationIsVisible = 0;
		};
/* End XCConfigurationList section */
	};
	rootObject = 4E30073F15202BDF005D57B1 /* Project object */;
}
